{
  "nodes": {
    "atom_core": {
      "inputs": {
        "cpptrace": "cpptrace",
        "libdwarf-lite": "libdwarf-lite",
        "nixpkgs": [
          "nixpkgs"
        ],
        "zstd": "zstd"
      },
      "locked": {
        "lastModified": 1716203144,
        "narHash": "sha256-FAeHvmbLevm/j6EDn4hGh8L4yKCM0yBz08vi038PTV8=",
        "owner": "shifu-dev",
        "repo": "atom.core",
        "rev": "83b64e9388cd9ac569e187bda39f61269b47722a",
        "type": "github"
      },
      "original": {
        "owner": "shifu-dev",
        "repo": "atom.core",
        "type": "github"
      }
    },
    "atom_logging": {
      "inputs": {
        "atom_core": [
          "atom_core"
        ],
        "nixpkgs": [
          "nixpkgs"
        ]
      },
      "locked": {
        "lastModified": 1716214814,
        "narHash": "sha256-RdDractv0QwsblwM2Cz2S2HpQ18OvdFNOjYFGH8SNlM=",
        "owner": "shifu-dev",
        "repo": "atom.logging",
        "rev": "75d13f95e463a646d055c80e4e36bb42f10edb32",
        "type": "github"
      },
      "original": {
        "owner": "shifu-dev",
        "repo": "atom.logging",
        "type": "github"
      }
    },
    "cpptrace": {
      "flake": false,
      "locked": {
        "lastModified": 1715568998,
        "narHash": "sha256-A74SLDo9eGws0z9RmLwT+2al0qC3/5BnG+uDjFxeSAU=",
        "owner": "jeremy-rifkin",
        "repo": "cpptrace",
        "rev": "a70cf7935adbc1522d2793dfc64a4ff0dfb19a9a",
        "type": "github"
      },
      "original": {
        "owner": "jeremy-rifkin",
        "repo": "cpptrace",
        "type": "github"
      }
    },
    "imgui": {
      "flake": false,
      "locked": {
        "lastModified": 1716310866,
        "narHash": "sha256-1NnCXgBOARLSCkOZ0T5kNTkzMdZAHsIGAQd0g53+dPo=",
        "owner": "ocornut",
        "repo": "imgui",
        "rev": "36ffdd69d304659388ad3d3be487a467de65eaf6",
        "type": "github"
      },
      "original": {
        "owner": "ocornut",
        "ref": "docking",
        "repo": "imgui",
        "type": "github"
      }
    },
    "libdwarf-lite": {
      "flake": false,
      "locked": {
        "lastModified": 1714245344,
        "narHash": "sha256-jcdBQGukZIDEltlx306IWgKQ2IqbE29T8sa0zTSDrxw=",
        "owner": "jeremy-rifkin",
        "repo": "libdwarf-lite",
        "rev": "87401f22cd05628d23059cb29ee6448a55c3a88a",
        "type": "github"
      },
      "original": {
        "owner": "jeremy-rifkin",
        "ref": "v0.9.2",
        "repo": "libdwarf-lite",
        "type": "github"
      }
    },
    "nixpkgs": {
      "locked": {
        "lastModified": 1716293225,
        "narHash": "sha256-pU9ViBVE3XYb70xZx+jK6SEVphvt7xMTbm6yDIF4xPs=",
        "owner": "nixos",
        "repo": "nixpkgs",
        "rev": "3eaeaeb6b1e08a016380c279f8846e0bd8808916",
        "type": "github"
      },
      "original": {
        "owner": "nixos",
        "ref": "nixos-unstable",
        "repo": "nixpkgs",
        "type": "github"
      }
    },
    "nixpkgs_glfw": {
      "locked": {
        "lastModified": 1706220439,
        "narHash": "sha256-JMPlh3WoVVOSFSGdetBDKKkKkLNwnTqewFn+g1v2n/A=",
        "owner": "nixos",
        "repo": "nixpkgs",
        "rev": "7a339d87931bba829f68e94621536cad9132971a",
        "type": "github"
      },
      "original": {
        "owner": "nixos",
        "repo": "nixpkgs",
        "rev": "7a339d87931bba829f68e94621536cad9132971a",
        "type": "github"
      }
    },
    "root": {
      "inputs": {
        "atom_core": "atom_core",
        "atom_logging": "atom_logging",
        "imgui": "imgui",
        "nixpkgs": "nixpkgs",
        "nixpkgs_glfw": "nixpkgs_glfw"
      }
    },
    "zstd": {
      "flake": false,
      "locked": {
        "lastModified": 1680639232,
        "narHash": "sha256-tHHHIsQU7vJySrVhJuMKUSq11MzkmC+Pcsj00uFJdnQ=",
        "owner": "facebook",
        "repo": "zstd",
        "rev": "63779c798237346c2b245c546c40b72a5a5913fe",
        "type": "github"
      },
      "original": {
        "owner": "facebook",
        "ref": "v1.5.5",
        "repo": "zstd",
        "type": "github"
      }
    }
  },
  "root": "root",
  "version": 7
}
